
Microsoft Visual Studio Solution File, Format Version 12.00
# Visual Studio Version 17
VisualStudioVersion = 17.2.32630.192
MinimumVisualStudioVersion = 10.0.40219.1
Project("{FAE04EC0-301F-11D3-BF4B-00C04F79EFBC}") = "Deliverable2JT", "Deliverable2JT\Deliverable2JT.csproj", "{EFF32A7E-C5DE-477C-BE1E-375114FD1843}"
EndProject
Global
	GlobalSection(SolutionConfigurationPlatforms) = preSolution
		Debug|Any CPU = Debug|Any CPU
		Release|Any CPU = Release|Any CPU
	EndGlobalSection
	GlobalSection(ProjectConfigurationPlatforms) = postSolution
		{EFF32A7E-C5DE-477C-BE1E-375114FD1843}.Debug|Any CPU.ActiveCfg = Debug|Any CPU
		{EFF32A7E-C5DE-477C-BE1E-375114FD1843}.Debug|Any CPU.Build.0 = Debug|Any CPU
		{EFF32A7E-C5DE-477C-BE1E-375114FD1843}.Release|Any CPU.ActiveCfg = Release|Any CPU
		{EFF32A7E-C5DE-477C-BE1E-375114FD1843}.Release|Any CPU.Build.0 = Release|Any CPU
	EndGlobalSection
	GlobalSection(SolutionProperties) = preSolution
		HideSolutionNode = FALSE
	EndGlobalSection
	GlobalSection(ExtensibilityGlobals) = postSolution
		SolutionGuid = {88BA8D01-5569-4E04-8424-92A5C8D258BC}
	EndGlobalSection
EndGlobal
